
Microsoft Visual Studio Solution File, Format Version 12.00
# Visual Studio Version 16
VisualStudioVersion = 16.0.31105.61
MinimumVisualStudioVersion = 10.0.40219.1
Project("{FAE04EC0-301F-11D3-BF4B-00C04F79EFBC}") = "webcore", "webcore.csproj", "{A3147945-4C7B-4AD0-8729-F05E0D0231FD}"
EndProject
Global
	GlobalSection(SolutionConfigurationPlatforms) = preSolution
		Debug|Any CPU = Debug|Any CPU
		Release|Any CPU = Release|Any CPU
	EndGlobalSection
	GlobalSection(ProjectConfigurationPlatforms) = postSolution
		{A3147945-4C7B-4AD0-8729-F05E0D0231FD}.Debug|Any CPU.ActiveCfg = Debug|Any CPU
		{A3147945-4C7B-4AD0-8729-F05E0D0231FD}.Debug|Any CPU.Build.0 = Debug|Any CPU
		{A3147945-4C7B-4AD0-8729-F05E0D0231FD}.Release|Any CPU.ActiveCfg = Release|Any CPU
		{A3147945-4C7B-4AD0-8729-F05E0D0231FD}.Release|Any CPU.Build.0 = Release|Any CPU
	EndGlobalSection
	GlobalSection(SolutionProperties) = preSolution
		HideSolutionNode = FALSE
	EndGlobalSection
	GlobalSection(ExtensibilityGlobals) = postSolution
		SolutionGuid = {541694FA-46D3-4341-A0B0-C174B8FFEF1C}
	EndGlobalSection
EndGlobal
